
Microsoft Visual Studio Solution File, Format Version 12.00
# Visual Studio Version 17
VisualStudioVersion = 17.0.31903.59
MinimumVisualStudioVersion = 10.0.40219.1
Project("{FAE04EC0-301F-11D3-BF4B-00C04F79EFBC}") = "SdsdGateway.Core", "SdsdGateway.Core\SdsdGateway.Core.csproj", "{DC00A200-215D-480C-9919-14EEA7785F6C}"
EndProject
Project("{FAE04EC0-301F-11D3-BF4B-00C04F79EFBC}") = "SdsdGateway.Tests", "SdsdGateway.Tests\SdsdGateway.Tests.csproj", "{429142C3-5D1F-47F8-817F-E2B1A5ABE90C}"
EndProject
Global
	GlobalSection(SolutionConfigurationPlatforms) = preSolution
		Debug|Any CPU = Debug|Any CPU
		Release|Any CPU = Release|Any CPU
	EndGlobalSection
	GlobalSection(SolutionProperties) = preSolution
		HideSolutionNode = FALSE
	EndGlobalSection
	GlobalSection(ProjectConfigurationPlatforms) = postSolution
		{DC00A200-215D-480C-9919-14EEA7785F6C}.Debug|Any CPU.ActiveCfg = Debug|Any CPU
		{DC00A200-215D-480C-9919-14EEA7785F6C}.Debug|Any CPU.Build.0 = Debug|Any CPU
		{DC00A200-215D-480C-9919-14EEA7785F6C}.Release|Any CPU.ActiveCfg = Release|Any CPU
		{DC00A200-215D-480C-9919-14EEA7785F6C}.Release|Any CPU.Build.0 = Release|Any CPU
		{429142C3-5D1F-47F8-817F-E2B1A5ABE90C}.Debug|Any CPU.ActiveCfg = Debug|Any CPU
		{429142C3-5D1F-47F8-817F-E2B1A5ABE90C}.Debug|Any CPU.Build.0 = Debug|Any CPU
		{429142C3-5D1F-47F8-817F-E2B1A5ABE90C}.Release|Any CPU.ActiveCfg = Release|Any CPU
		{429142C3-5D1F-47F8-817F-E2B1A5ABE90C}.Release|Any CPU.Build.0 = Release|Any CPU
	EndGlobalSection
EndGlobal
